{
  "name": "testManagement",
  "lockfileVersion": 2,
  "requires": true,
  "packages": {
    "": {
      "dependencies": {
        "animate.css": "^4.1.1",
        "bootstrap-icons": "^1.8.3"
      }
    },
    "node_modules/animate.css": {
      "version": "4.1.1",
      "resolved": "https://registry.npmjs.org/animate.css/-/animate.css-4.1.1.tgz",
      "integrity": "sha512-+mRmCTv6SbCmtYJCN4faJMNFVNN5EuCTTprDTAo7YzIGji2KADmakjVA3+8mVDkZ2Bf09vayB35lSQIex2+QaQ=="
    },
    "node_modules/bootstrap-icons": {
      "version": "1.8.3",
      "resolved": "https://registry.npmjs.org/bootstrap-icons/-/bootstrap-icons-1.8.3.tgz",
      "integrity": "sha512-s5kmttnbq4BXbx3Bwnj39y+t7Vc3blTtyD77W3aYQ1LlNoS3lNbbGvSYhIbg26Im8KmjScyFpHEevlPOBcIDdA=="
    }
  },
  "dependencies": {
    "animate.css": {
      "version": "4.1.1",
      "resolved": "https://registry.npmjs.org/animate.css/-/animate.css-4.1.1.tgz",
      "integrity": "sha512-+mRmCTv6SbCmtYJCN4faJMNFVNN5EuCTTprDTAo7YzIGji2KADmakjVA3+8mVDkZ2Bf09vayB35lSQIex2+QaQ=="
    },
    "bootstrap-icons": {
      "version": "1.8.3",
      "resolved": "https://registry.npmjs.org/bootstrap-icons/-/bootstrap-icons-1.8.3.tgz",
      "integrity": "sha512-s5kmttnbq4BXbx3Bwnj39y+t7Vc3blTtyD77W3aYQ1LlNoS3lNbbGvSYhIbg26Im8KmjScyFpHEevlPOBcIDdA=="
    }
  }
}
